
Microsoft Visual Studio Solution File, Format Version 12.00
# Visual Studio Version 16
VisualStudioVersion = 16.0.33801.447
MinimumVisualStudioVersion = 10.0.40219.1
Project("{FAE04EC0-301F-11D3-BF4B-00C04F79EFBC}") = "RestfulBookerTest", "RestfulBookerTest\RestfulBookerTest.csproj", "{095A2940-E520-4D4B-BC9A-ACBCED535DEC}"
EndProject
Global
	GlobalSection(SolutionConfigurationPlatforms) = preSolution
		Debug|Any CPU = Debug|Any CPU
		Release|Any CPU = Release|Any CPU
	EndGlobalSection
	GlobalSection(ProjectConfigurationPlatforms) = postSolution
		{095A2940-E520-4D4B-BC9A-ACBCED535DEC}.Debug|Any CPU.ActiveCfg = Debug|Any CPU
		{095A2940-E520-4D4B-BC9A-ACBCED535DEC}.Debug|Any CPU.Build.0 = Debug|Any CPU
		{095A2940-E520-4D4B-BC9A-ACBCED535DEC}.Release|Any CPU.ActiveCfg = Release|Any CPU
		{095A2940-E520-4D4B-BC9A-ACBCED535DEC}.Release|Any CPU.Build.0 = Release|Any CPU
	EndGlobalSection
	GlobalSection(SolutionProperties) = preSolution
		HideSolutionNode = FALSE
	EndGlobalSection
	GlobalSection(ExtensibilityGlobals) = postSolution
		SolutionGuid = {0E9CBF7D-4040-47F7-A2E5-6F657F66C98A}
	EndGlobalSection
EndGlobal
